
Microsoft Visual Studio Solution File, Format Version 12.00
# Visual Studio 15
VisualStudioVersion = 15.0.26430.12
MinimumVisualStudioVersion = 10.0.40219.1
Project("{FAE04EC0-301F-11D3-BF4B-00C04F79EFBC}") = "WpfApp48", "WpfApp48\WpfApp48.csproj", "{F53BC3A4-1839-4D79-ACA7-C6DB59C74398}"
EndProject
Global
	GlobalSection(SolutionConfigurationPlatforms) = preSolution
		Debug|Any CPU = Debug|Any CPU
		Release|Any CPU = Release|Any CPU
	EndGlobalSection
	GlobalSection(ProjectConfigurationPlatforms) = postSolution
		{F53BC3A4-1839-4D79-ACA7-C6DB59C74398}.Debug|Any CPU.ActiveCfg = Debug|Any CPU
		{F53BC3A4-1839-4D79-ACA7-C6DB59C74398}.Debug|Any CPU.Build.0 = Debug|Any CPU
		{F53BC3A4-1839-4D79-ACA7-C6DB59C74398}.Release|Any CPU.ActiveCfg = Release|Any CPU
		{F53BC3A4-1839-4D79-ACA7-C6DB59C74398}.Release|Any CPU.Build.0 = Release|Any CPU
	EndGlobalSection
	GlobalSection(SolutionProperties) = preSolution
		HideSolutionNode = FALSE
	EndGlobalSection
EndGlobal
